// !$*UTF8*$!
{
	archiveVersion = 1;
	classes = {
	};
	objectVersion = 46;
	objects = {

/* Begin PBXBuildFile section */
		23647F8F8EF06A39E0D53163 /* libPods-Philly Bike Share.a in Frameworks */ = {isa = PBXBuildFile; fileRef = 4422DC82572FB8DD5A765C64 /* libPods-Philly Bike Share.a */; };
		2BB4E5421C1653C3006F896F /* PhillyBikeShareTimerManager.m in Sources */ = {isa = PBXBuildFile; fileRef = 2BB4E5411C1653C3006F896F /* PhillyBikeShareTimerManager.m */; };
		2D192E811B112B170002EB0D /* main.m in Sources */ = {isa = PBXBuildFile; fileRef = 2D192E801B112B170002EB0D /* main.m */; };
		2D192E841B112B170002EB0D /* AppDelegate.m in Sources */ = {isa = PBXBuildFile; fileRef = 2D192E831B112B170002EB0D /* AppDelegate.m */; };
		2D192E8A1B112B180002EB0D /* Main.storyboard in Resources */ = {isa = PBXBuildFile; fileRef = 2D192E881B112B180002EB0D /* Main.storyboard */; };
		2D192E8C1B112B180002EB0D /* Images.xcassets in Resources */ = {isa = PBXBuildFile; fileRef = 2D192E8B1B112B180002EB0D /* Images.xcassets */; };
		2D192E8F1B112B180002EB0D /* LaunchScreen.xib in Resources */ = {isa = PBXBuildFile; fileRef = 2D192E8D1B112B180002EB0D /* LaunchScreen.xib */; };
		2D192E9B1B112B180002EB0D /* Philly_Bike_ShareTests.m in Sources */ = {isa = PBXBuildFile; fileRef = 2D192E9A1B112B180002EB0D /* Philly_Bike_ShareTests.m */; };
		2D4688B91B1237FD00293A09 /* PhillyBikeShareNetworkCommand.m in Sources */ = {isa = PBXBuildFile; fileRef = 2D4688B81B1237FD00293A09 /* PhillyBikeShareNetworkCommand.m */; };
		2D4688BD1B123ADB00293A09 /* PhillyBikeShareGetAllDataCommand.m in Sources */ = {isa = PBXBuildFile; fileRef = 2D4688BC1B123ADB00293A09 /* PhillyBikeShareGetAllDataCommand.m */; };
		2D4688C01B1244FC00293A09 /* PhillyBikeShareLocation.m in Sources */ = {isa = PBXBuildFile; fileRef = 2D4688BF1B1244FC00293A09 /* PhillyBikeShareLocation.m */; };
		2D4688C31B12464500293A09 /* PhillyBikeShareLocationManager.m in Sources */ = {isa = PBXBuildFile; fileRef = 2D4688C21B12464500293A09 /* PhillyBikeShareLocationManager.m */; };
		2D5182F11B137F7B005232D1 /* Montserrat-Black.otf in Resources */ = {isa = PBXBuildFile; fileRef = 2D5182EC1B137DD4005232D1 /* Montserrat-Black.otf */; };
		2D5182F21B137F7B005232D1 /* Montserrat-Bold.otf in Resources */ = {isa = PBXBuildFile; fileRef = 2D5182ED1B137DD4005232D1 /* Montserrat-Bold.otf */; };
		2D5182F31B137F7B005232D1 /* Montserrat-Hairline.otf in Resources */ = {isa = PBXBuildFile; fileRef = 2D5182EE1B137DD4005232D1 /* Montserrat-Hairline.otf */; };
		2D5182F41B137F7B005232D1 /* Montserrat-Light.otf in Resources */ = {isa = PBXBuildFile; fileRef = 2D5182EF1B137DD4005232D1 /* Montserrat-Light.otf */; };
		2D5182F51B137F7B005232D1 /* Montserrat-Regular.otf in Resources */ = {isa = PBXBuildFile; fileRef = 2D5182F01B137DD4005232D1 /* Montserrat-Regular.otf */; };
		2D5D653B1B1379D700DA23B3 /* MapKit.framework in Frameworks */ = {isa = PBXBuildFile; fileRef = 2D5D653A1B1379D700DA23B3 /* MapKit.framework */; };
		2DF251031B126B2600E76946 /* CoreLocation.framework in Frameworks */ = {isa = PBXBuildFile; fileRef = 2DF251021B126B2600E76946 /* CoreLocation.framework */; };
		2DF251061B126BBB00E76946 /* PhillyBikeShareMainViewController.m in Sources */ = {isa = PBXBuildFile; fileRef = 2DF251051B126BBB00E76946 /* PhillyBikeShareMainViewController.m */; };
/* End PBXBuildFile section */

/* Begin PBXContainerItemProxy section */
		2D192E951B112B180002EB0D /* PBXContainerItemProxy */ = {
			isa = PBXContainerItemProxy;
			containerPortal = 2D192E731B112B170002EB0D /* Project object */;
			proxyType = 1;
			remoteGlobalIDString = 2D192E7A1B112B170002EB0D;
			remoteInfo = "Philly Bike Share";
		};
/* End PBXContainerItemProxy section */

/* Begin PBXFileReference section */
		2BB4E5401C1653C3006F896F /* PhillyBikeShareTimerManager.h */ = {isa = PBXFileReference; fileEncoding = 4; lastKnownFileType = sourcecode.c.h; name = PhillyBikeShareTimerManager.h; path = "Managers & Helpers/PhillyBikeShareTimerManager.h"; sourceTree = "<group>"; };
		2BB4E5411C1653C3006F896F /* PhillyBikeShareTimerManager.m */ = {isa = PBXFileReference; fileEncoding = 4; lastKnownFileType = sourcecode.c.objc; name = PhillyBikeShareTimerManager.m; path = "Managers & Helpers/PhillyBikeShareTimerManager.m"; sourceTree = "<group>"; };
		2D192E7B1B112B170002EB0D /* Philly Bike Share.app */ = {isa = PBXFileReference; explicitFileType = wrapper.application; includeInIndex = 0; path = "Philly Bike Share.app"; sourceTree = BUILT_PRODUCTS_DIR; };
		2D192E7F1B112B170002EB0D /* Info.plist */ = {isa = PBXFileReference; lastKnownFileType = text.plist.xml; path = Info.plist; sourceTree = "<group>"; };
		2D192E801B112B170002EB0D /* main.m */ = {isa = PBXFileReference; lastKnownFileType = sourcecode.c.objc; path = main.m; sourceTree = "<group>"; };
		2D192E821B112B170002EB0D /* AppDelegate.h */ = {isa = PBXFileReference; lastKnownFileType = sourcecode.c.h; path = AppDelegate.h; sourceTree = "<group>"; };
		2D192E831B112B170002EB0D /* AppDelegate.m */ = {isa = PBXFileReference; lastKnownFileType = sourcecode.c.objc; path = AppDelegate.m; sourceTree = "<group>"; };
		2D192E891B112B180002EB0D /* Base */ = {isa = PBXFileReference; lastKnownFileType = file.storyboard; name = Base; path = Base.lproj/Main.storyboard; sourceTree = "<group>"; };
		2D192E8B1B112B180002EB0D /* Images.xcassets */ = {isa = PBXFileReference; lastKnownFileType = folder.assetcatalog; path = Images.xcassets; sourceTree = "<group>"; };
		2D192E8E1B112B180002EB0D /* Base */ = {isa = PBXFileReference; lastKnownFileType = file.xib; name = Base; path = Base.lproj/LaunchScreen.xib; sourceTree = "<group>"; };
		2D192E941B112B180002EB0D /* Philly Bike ShareTests.xctest */ = {isa = PBXFileReference; explicitFileType = wrapper.cfbundle; includeInIndex = 0; path = "Philly Bike ShareTests.xctest"; sourceTree = BUILT_PRODUCTS_DIR; };
		2D192E991B112B180002EB0D /* Info.plist */ = {isa = PBXFileReference; lastKnownFileType = text.plist.xml; path = Info.plist; sourceTree = "<group>"; };
		2D192E9A1B112B180002EB0D /* Philly_Bike_ShareTests.m */ = {isa = PBXFileReference; lastKnownFileType = sourcecode.c.objc; path = Philly_Bike_ShareTests.m; sourceTree = "<group>"; };
		2D192EAA1B1231E20002EB0D /* PhillyBikeSharePrefixHeader.pch */ = {isa = PBXFileReference; lastKnownFileType = sourcecode.c.h; name = PhillyBikeSharePrefixHeader.pch; path = Common/PhillyBikeSharePrefixHeader.pch; sourceTree = "<group>"; };
		2D4688B51B12377400293A09 /* PhillyBikeShareNetworkCommandProtocol.h */ = {isa = PBXFileReference; lastKnownFileType = sourcecode.c.h; name = PhillyBikeShareNetworkCommandProtocol.h; path = "Managers & Helpers/Networking/PhillyBikeShareNetworkCommandProtocol.h"; sourceTree = "<group>"; };
		2D4688B71B1237FD00293A09 /* PhillyBikeShareNetworkCommand.h */ = {isa = PBXFileReference; fileEncoding = 4; lastKnownFileType = sourcecode.c.h; name = PhillyBikeShareNetworkCommand.h; path = "Managers & Helpers/Networking/PhillyBikeShareNetworkCommand.h"; sourceTree = "<group>"; };
		2D4688B81B1237FD00293A09 /* PhillyBikeShareNetworkCommand.m */ = {isa = PBXFileReference; fileEncoding = 4; lastKnownFileType = sourcecode.c.objc; name = PhillyBikeShareNetworkCommand.m; path = "Managers & Helpers/Networking/PhillyBikeShareNetworkCommand.m"; sourceTree = "<group>"; };
		2D4688BB1B123ADB00293A09 /* PhillyBikeShareGetAllDataCommand.h */ = {isa = PBXFileReference; fileEncoding = 4; lastKnownFileType = sourcecode.c.h; name = PhillyBikeShareGetAllDataCommand.h; path = "Managers & Helpers/Networking/Commands/PhillyBikeShareGetAllDataCommand.h"; sourceTree = "<group>"; };
		2D4688BC1B123ADB00293A09 /* PhillyBikeShareGetAllDataCommand.m */ = {isa = PBXFileReference; fileEncoding = 4; lastKnownFileType = sourcecode.c.objc; name = PhillyBikeShareGetAllDataCommand.m; path = "Managers & Helpers/Networking/Commands/PhillyBikeShareGetAllDataCommand.m"; sourceTree = "<group>"; };
		2D4688BE1B1244FC00293A09 /* PhillyBikeShareLocation.h */ = {isa = PBXFileReference; fileEncoding = 4; lastKnownFileType = sourcecode.c.h; name = PhillyBikeShareLocation.h; path = Models/PhillyBikeShareLocation.h; sourceTree = "<group>"; };
		2D4688BF1B1244FC00293A09 /* PhillyBikeShareLocation.m */ = {isa = PBXFileReference; fileEncoding = 4; lastKnownFileType = sourcecode.c.objc; name = PhillyBikeShareLocation.m; path = Models/PhillyBikeShareLocation.m; sourceTree = "<group>"; };
		2D4688C11B12464500293A09 /* PhillyBikeShareLocationManager.h */ = {isa = PBXFileReference; fileEncoding = 4; lastKnownFileType = sourcecode.c.h; name = PhillyBikeShareLocationManager.h; path = "Managers & Helpers/PhillyBikeShareLocationManager.h"; sourceTree = "<group>"; };
		2D4688C21B12464500293A09 /* PhillyBikeShareLocationManager.m */ = {isa = PBXFileReference; fileEncoding = 4; lastKnownFileType = sourcecode.c.objc; name = PhillyBikeShareLocationManager.m; path = "Managers & Helpers/PhillyBikeShareLocationManager.m"; sourceTree = "<group>"; };
		2D5182EC1B137DD4005232D1 /* Montserrat-Black.otf */ = {isa = PBXFileReference; lastKnownFileType = file; name = "Montserrat-Black.otf"; path = "Assets/Resources/Montserrat-Black.otf"; sourceTree = "<group>"; };
		2D5182ED1B137DD4005232D1 /* Montserrat-Bold.otf */ = {isa = PBXFileReference; lastKnownFileType = file; name = "Montserrat-Bold.otf"; path = "Assets/Resources/Montserrat-Bold.otf"; sourceTree = "<group>"; };
		2D5182EE1B137DD4005232D1 /* Montserrat-Hairline.otf */ = {isa = PBXFileReference; lastKnownFileType = file; name = "Montserrat-Hairline.otf"; path = "Assets/Resources/Montserrat-Hairline.otf"; sourceTree = "<group>"; };
		2D5182EF1B137DD4005232D1 /* Montserrat-Light.otf */ = {isa = PBXFileReference; lastKnownFileType = file; name = "Montserrat-Light.otf"; path = "Assets/Resources/Montserrat-Light.otf"; sourceTree = "<group>"; };
		2D5182F01B137DD4005232D1 /* Montserrat-Regular.otf */ = {isa = PBXFileReference; lastKnownFileType = file; name = "Montserrat-Regular.otf"; path = "Assets/Resources/Montserrat-Regular.otf"; sourceTree = "<group>"; };
		2D5D653A1B1379D700DA23B3 /* MapKit.framework */ = {isa = PBXFileReference; lastKnownFileType = wrapper.framework; name = MapKit.framework; path = System/Library/Frameworks/MapKit.framework; sourceTree = SDKROOT; };
		2DF251021B126B2600E76946 /* CoreLocation.framework */ = {isa = PBXFileReference; lastKnownFileType = wrapper.framework; name = CoreLocation.framework; path = System/Library/Frameworks/CoreLocation.framework; sourceTree = SDKROOT; };
		2DF251041B126BBB00E76946 /* PhillyBikeShareMainViewController.h */ = {isa = PBXFileReference; fileEncoding = 4; lastKnownFileType = sourcecode.c.h; name = PhillyBikeShareMainViewController.h; path = Controllers/PhillyBikeShareMainViewController.h; sourceTree = "<group>"; };
		2DF251051B126BBB00E76946 /* PhillyBikeShareMainViewController.m */ = {isa = PBXFileReference; fileEncoding = 4; lastKnownFileType = sourcecode.c.objc; name = PhillyBikeShareMainViewController.m; path = Controllers/PhillyBikeShareMainViewController.m; sourceTree = "<group>"; };
		4422DC82572FB8DD5A765C64 /* libPods-Philly Bike Share.a */ = {isa = PBXFileReference; explicitFileType = archive.ar; includeInIndex = 0; path = "libPods-Philly Bike Share.a"; sourceTree = BUILT_PRODUCTS_DIR; };
		8AA9DBB8754381674E9BF027 /* Pods-Philly Bike Share.debug.xcconfig */ = {isa = PBXFileReference; includeInIndex = 1; lastKnownFileType = text.xcconfig; name = "Pods-Philly Bike Share.debug.xcconfig"; path = "Pods/Target Support Files/Pods-Philly Bike Share/Pods-Philly Bike Share.debug.xcconfig"; sourceTree = "<group>"; };
		B25ABDC59BBA56BBABCCB414 /* Pods-Philly Bike Share.release.xcconfig */ = {isa = PBXFileReference; includeInIndex = 1; lastKnownFileType = text.xcconfig; name = "Pods-Philly Bike Share.release.xcconfig"; path = "Pods/Target Support Files/Pods-Philly Bike Share/Pods-Philly Bike Share.release.xcconfig"; sourceTree = "<group>"; };
/* End PBXFileReference section */

/* Begin PBXFrameworksBuildPhase section */
		2D192E781B112B170002EB0D /* Frameworks */ = {
			isa = PBXFrameworksBuildPhase;
			buildActionMask = 2147483647;
			files = (
				2D5D653B1B1379D700DA23B3 /* MapKit.framework in Frameworks */,
				2DF251031B126B2600E76946 /* CoreLocation.framework in Frameworks */,
				23647F8F8EF06A39E0D53163 /* libPods-Philly Bike Share.a in Frameworks */,
			);
			runOnlyForDeploymentPostprocessing = 0;
		};
		2D192E911B112B180002EB0D /* Frameworks */ = {
			isa = PBXFrameworksBuildPhase;
			buildActionMask = 2147483647;
			files = (
			);
			runOnlyForDeploymentPostprocessing = 0;
		};
/* End PBXFrameworksBuildPhase section */

/* Begin PBXGroup section */
		2D192E721B112B170002EB0D = {
			isa = PBXGroup;
			children = (
				2D192E7D1B112B170002EB0D /* Philly Bike Share */,
				2D192E971B112B180002EB0D /* Philly Bike ShareTests */,
				2D192E7C1B112B170002EB0D /* Products */,
				DEB81FD0ADEA9B8FE8AC56FA /* Pods */,
				A6900DFFF5F389F079AE999C /* Frameworks */,
			);
			sourceTree = "<group>";
		};
		2D192E7C1B112B170002EB0D /* Products */ = {
			isa = PBXGroup;
			children = (
				2D192E7B1B112B170002EB0D /* Philly Bike Share.app */,
				2D192E941B112B180002EB0D /* Philly Bike ShareTests.xctest */,
			);
			name = Products;
			sourceTree = "<group>";
		};
		2D192E7D1B112B170002EB0D /* Philly Bike Share */ = {
			isa = PBXGroup;
			children = (
				2D192EA91B12316F0002EB0D /* Common */,
				2D192EA81B1231570002EB0D /* Models */,
				2D192EA71B12314E0002EB0D /* Managers & Helpers */,
				2D192EA61B1231470002EB0D /* Views */,
				2D192EA51B1231420002EB0D /* Controllers */,
				2D192EA41B1231300002EB0D /* Assets */,
				2D192E7E1B112B170002EB0D /* Supporting Files */,
			);
			path = "Philly Bike Share";
			sourceTree = "<group>";
		};
		2D192E7E1B112B170002EB0D /* Supporting Files */ = {
			isa = PBXGroup;
			children = (
				2D192E821B112B170002EB0D /* AppDelegate.h */,
				2D192E831B112B170002EB0D /* AppDelegate.m */,
				2D192E7F1B112B170002EB0D /* Info.plist */,
				2D192E801B112B170002EB0D /* main.m */,
			);
			name = "Supporting Files";
			sourceTree = "<group>";
		};
		2D192E971B112B180002EB0D /* Philly Bike ShareTests */ = {
			isa = PBXGroup;
			children = (
				2D192E9A1B112B180002EB0D /* Philly_Bike_ShareTests.m */,
				2D192E981B112B180002EB0D /* Supporting Files */,
			);
			path = "Philly Bike ShareTests";
			sourceTree = "<group>";
		};
		2D192E981B112B180002EB0D /* Supporting Files */ = {
			isa = PBXGroup;
			children = (
				2D192E991B112B180002EB0D /* Info.plist */,
			);
			name = "Supporting Files";
			sourceTree = "<group>";
		};
		2D192EA41B1231300002EB0D /* Assets */ = {
			isa = PBXGroup;
			children = (
				2D5182EB1B137B1F005232D1 /* Resources */,
				2D192E8B1B112B180002EB0D /* Images.xcassets */,
				2D192E8D1B112B180002EB0D /* LaunchScreen.xib */,
			);
			name = Assets;
			sourceTree = "<group>";
		};
		2D192EA51B1231420002EB0D /* Controllers */ = {
			isa = PBXGroup;
			children = (
				2DF251041B126BBB00E76946 /* PhillyBikeShareMainViewController.h */,
				2DF251051B126BBB00E76946 /* PhillyBikeShareMainViewController.m */,
			);
			name = Controllers;
			sourceTree = "<group>";
		};
		2D192EA61B1231470002EB0D /* Views */ = {
			isa = PBXGroup;
			children = (
				2D192E881B112B180002EB0D /* Main.storyboard */,
			);
			name = Views;
			sourceTree = "<group>";
		};
		2D192EA71B12314E0002EB0D /* Managers & Helpers */ = {
			isa = PBXGroup;
			children = (
				2D4688B61B12377A00293A09 /* Networking */,
				2D4688C11B12464500293A09 /* PhillyBikeShareLocationManager.h */,
				2D4688C21B12464500293A09 /* PhillyBikeShareLocationManager.m */,
				2BB4E5401C1653C3006F896F /* PhillyBikeShareTimerManager.h */,
				2BB4E5411C1653C3006F896F /* PhillyBikeShareTimerManager.m */,
			);
			name = "Managers & Helpers";
			sourceTree = "<group>";
		};
		2D192EA81B1231570002EB0D /* Models */ = {
			isa = PBXGroup;
			children = (
				2D4688BE1B1244FC00293A09 /* PhillyBikeShareLocation.h */,
				2D4688BF1B1244FC00293A09 /* PhillyBikeShareLocation.m */,
			);
			name = Models;
			sourceTree = "<group>";
		};
		2D192EA91B12316F0002EB0D /* Common */ = {
			isa = PBXGroup;
			children = (
				2D192EAA1B1231E20002EB0D /* PhillyBikeSharePrefixHeader.pch */,
			);
			name = Common;
			sourceTree = "<group>";
		};
		2D4688B61B12377A00293A09 /* Networking */ = {
			isa = PBXGroup;
			children = (
				2D4688BA1B123A9B00293A09 /* Commands */,
				2D4688B51B12377400293A09 /* PhillyBikeShareNetworkCommandProtocol.h */,
				2D4688B71B1237FD00293A09 /* PhillyBikeShareNetworkCommand.h */,
				2D4688B81B1237FD00293A09 /* PhillyBikeShareNetworkCommand.m */,
			);
			name = Networking;
			sourceTree = "<group>";
		};
		2D4688BA1B123A9B00293A09 /* Commands */ = {
			isa = PBXGroup;
			children = (
				2D4688BB1B123ADB00293A09 /* PhillyBikeShareGetAllDataCommand.h */,
				2D4688BC1B123ADB00293A09 /* PhillyBikeShareGetAllDataCommand.m */,
			);
			name = Commands;
			sourceTree = "<group>";
		};
		2D5182EB1B137B1F005232D1 /* Resources */ = {
			isa = PBXGroup;
			children = (
				2D5182EC1B137DD4005232D1 /* Montserrat-Black.otf */,
				2D5182ED1B137DD4005232D1 /* Montserrat-Bold.otf */,
				2D5182EE1B137DD4005232D1 /* Montserrat-Hairline.otf */,
				2D5182EF1B137DD4005232D1 /* Montserrat-Light.otf */,
				2D5182F01B137DD4005232D1 /* Montserrat-Regular.otf */,
			);
			name = Resources;
			sourceTree = "<group>";
		};
		A6900DFFF5F389F079AE999C /* Frameworks */ = {
			isa = PBXGroup;
			children = (
				2D5D653A1B1379D700DA23B3 /* MapKit.framework */,
				2DF251021B126B2600E76946 /* CoreLocation.framework */,
				4422DC82572FB8DD5A765C64 /* libPods-Philly Bike Share.a */,
			);
			name = Frameworks;
			sourceTree = "<group>";
		};
		DEB81FD0ADEA9B8FE8AC56FA /* Pods */ = {
			isa = PBXGroup;
			children = (
				8AA9DBB8754381674E9BF027 /* Pods-Philly Bike Share.debug.xcconfig */,
				B25ABDC59BBA56BBABCCB414 /* Pods-Philly Bike Share.release.xcconfig */,
			);
			name = Pods;
			sourceTree = "<group>";
		};
/* End PBXGroup section */

/* Begin PBXNativeTarget section */
		2D192E7A1B112B170002EB0D /* Philly Bike Share */ = {
			isa = PBXNativeTarget;
			buildConfigurationList = 2D192E9E1B112B180002EB0D /* Build configuration list for PBXNativeTarget "Philly Bike Share" */;
			buildPhases = (
				2EA0D3729700DB27C3A78FAD /* Check Pods Manifest.lock */,
				2D192E771B112B170002EB0D /* Sources */,
				2D192E781B112B170002EB0D /* Frameworks */,
				2D192E791B112B170002EB0D /* Resources */,
				59C3EFE43E0B17339A54F3EE /* Copy Pods Resources */,
				1B2F6ED293C69715B8870AC1 /* Embed Pods Frameworks */,
			);
			buildRules = (
			);
			dependencies = (
			);
			name = "Philly Bike Share";
			productName = "Philly Bike Share";
			productReference = 2D192E7B1B112B170002EB0D /* Philly Bike Share.app */;
			productType = "com.apple.product-type.application";
		};
		2D192E931B112B180002EB0D /* Philly Bike ShareTests */ = {
			isa = PBXNativeTarget;
			buildConfigurationList = 2D192EA11B112B180002EB0D /* Build configuration list for PBXNativeTarget "Philly Bike ShareTests" */;
			buildPhases = (
				2D192E901B112B180002EB0D /* Sources */,
				2D192E911B112B180002EB0D /* Frameworks */,
				2D192E921B112B180002EB0D /* Resources */,
			);
			buildRules = (
			);
			dependencies = (
				2D192E961B112B180002EB0D /* PBXTargetDependency */,
			);
			name = "Philly Bike ShareTests";
			productName = "Philly Bike ShareTests";
			productReference = 2D192E941B112B180002EB0D /* Philly Bike ShareTests.xctest */;
			productType = "com.apple.product-type.bundle.unit-test";
		};
/* End PBXNativeTarget section */

/* Begin PBXProject section */
		2D192E731B112B170002EB0D /* Project object */ = {
			isa = PBXProject;
			attributes = {
				LastUpgradeCheck = 0710;
				ORGANIZATIONNAME = "Rappid Development";
				TargetAttributes = {
					2D192E7A1B112B170002EB0D = {
						CreatedOnToolsVersion = 6.3.2;
						DevelopmentTeam = 847HEBY8WT;
					};
					2D192E931B112B180002EB0D = {
						CreatedOnToolsVersion = 6.3.2;
						TestTargetID = 2D192E7A1B112B170002EB0D;
					};
				};
			};
			buildConfigurationList = 2D192E761B112B170002EB0D /* Build configuration list for PBXProject "Philly Bike Share" */;
			compatibilityVersion = "Xcode 3.2";
			developmentRegion = English;
			hasScannedForEncodings = 0;
			knownRegions = (
				en,
				Base,
			);
			mainGroup = 2D192E721B112B170002EB0D;
			productRefGroup = 2D192E7C1B112B170002EB0D /* Products */;
			projectDirPath = "";
			projectRoot = "";
			targets = (
				2D192E7A1B112B170002EB0D /* Philly Bike Share */,
				2D192E931B112B180002EB0D /* Philly Bike ShareTests */,
			);
		};
/* End PBXProject section */

/* Begin PBXResourcesBuildPhase section */
		2D192E791B112B170002EB0D /* Resources */ = {
			isa = PBXResourcesBuildPhase;
			buildActionMask = 2147483647;
			files = (
				2D5182F11B137F7B005232D1 /* Montserrat-Black.otf in Resources */,
				2D5182F21B137F7B005232D1 /* Montserrat-Bold.otf in Resources */,
				2D5182F31B137F7B005232D1 /* Montserrat-Hairline.otf in Resources */,
				2D5182F41B137F7B005232D1 /* Montserrat-Light.otf in Resources */,
				2D5182F51B137F7B005232D1 /* Montserrat-Regular.otf in Resources */,
				2D192E8A1B112B180002EB0D /* Main.storyboard in Resources */,
				2D192E8F1B112B180002EB0D /* LaunchScreen.xib in Resources */,
				2D192E8C1B112B180002EB0D /* Images.xcassets in Resources */,
			);
			runOnlyForDeploymentPostprocessing = 0;
		};
		2D192E921B112B180002EB0D /* Resources */ = {
			isa = PBXResourcesBuildPhase;
			buildActionMask = 2147483647;
			files = (
			);
			runOnlyForDeploymentPostprocessing = 0;
		};
/* End PBXResourcesBuildPhase section */

/* Begin PBXShellScriptBuildPhase section */
		1B2F6ED293C69715B8870AC1 /* Embed Pods Frameworks */ = {
			isa = PBXShellScriptBuildPhase;
			buildActionMask = 2147483647;
			files = (
			);
			inputPaths = (
			);
			name = "Embed Pods Frameworks";
			outputPaths = (
			);
			runOnlyForDeploymentPostprocessing = 0;
			shellPath = /bin/sh;
			shellScript = "\"${SRCROOT}/Pods/Target Support Files/Pods-Philly Bike Share/Pods-Philly Bike Share-frameworks.sh\"\n";
			showEnvVarsInLog = 0;
		};
		2EA0D3729700DB27C3A78FAD /* Check Pods Manifest.lock */ = {
			isa = PBXShellScriptBuildPhase;
			buildActionMask = 2147483647;
			files = (
			);
			inputPaths = (
			);
			name = "Check Pods Manifest.lock";
			outputPaths = (
			);
			runOnlyForDeploymentPostprocessing = 0;
			shellPath = /bin/sh;
			shellScript = "diff \"${PODS_ROOT}/../Podfile.lock\" \"${PODS_ROOT}/Manifest.lock\" > /dev/null\nif [[ $? != 0 ]] ; then\n    cat << EOM\nerror: The sandbox is not in sync with the Podfile.lock. Run 'pod install' or update your CocoaPods installation.\nEOM\n    exit 1\nfi\n";
			showEnvVarsInLog = 0;
		};
		59C3EFE43E0B17339A54F3EE /* Copy Pods Resources */ = {
			isa = PBXShellScriptBuildPhase;
			buildActionMask = 2147483647;
			files = (
			);
			inputPaths = (
			);
			name = "Copy Pods Resources";
			outputPaths = (
			);
			runOnlyForDeploymentPostprocessing = 0;
			shellPath = /bin/sh;
			shellScript = "\"${SRCROOT}/Pods/Target Support Files/Pods-Philly Bike Share/Pods-Philly Bike Share-resources.sh\"\n";
			showEnvVarsInLog = 0;
		};
/* End PBXShellScriptBuildPhase section */

/* Begin PBXSourcesBuildPhase section */
		2D192E771B112B170002EB0D /* Sources */ = {
			isa = PBXSourcesBuildPhase;
			buildActionMask = 2147483647;
			files = (
				2D192E841B112B170002EB0D /* AppDelegate.m in Sources */,
				2D4688C01B1244FC00293A09 /* PhillyBikeShareLocation.m in Sources */,
				2D4688B91B1237FD00293A09 /* PhillyBikeShareNetworkCommand.m in Sources */,
				2D192E811B112B170002EB0D /* main.m in Sources */,
				2BB4E5421C1653C3006F896F /* PhillyBikeShareTimerManager.m in Sources */,
				2D4688C31B12464500293A09 /* PhillyBikeShareLocationManager.m in Sources */,
				2D4688BD1B123ADB00293A09 /* PhillyBikeShareGetAllDataCommand.m in Sources */,
				2DF251061B126BBB00E76946 /* PhillyBikeShareMainViewController.m in Sources */,
			);
			runOnlyForDeploymentPostprocessing = 0;
		};
		2D192E901B112B180002EB0D /* Sources */ = {
			isa = PBXSourcesBuildPhase;
			buildActionMask = 2147483647;
			files = (
				2D192E9B1B112B180002EB0D /* Philly_Bike_ShareTests.m in Sources */,
			);
			runOnlyForDeploymentPostprocessing = 0;
		};
/* End PBXSourcesBuildPhase section */

/* Begin PBXTargetDependency section */
		2D192E961B112B180002EB0D /* PBXTargetDependency */ = {
			isa = PBXTargetDependency;
			target = 2D192E7A1B112B170002EB0D /* Philly Bike Share */;
			targetProxy = 2D192E951B112B180002EB0D /* PBXContainerItemProxy */;
		};
/* End PBXTargetDependency section */

/* Begin PBXVariantGroup section */
		2D192E881B112B180002EB0D /* Main.storyboard */ = {
			isa = PBXVariantGroup;
			children = (
				2D192E891B112B180002EB0D /* Base */,
			);
			name = Main.storyboard;
			sourceTree = "<group>";
		};
		2D192E8D1B112B180002EB0D /* LaunchScreen.xib */ = {
			isa = PBXVariantGroup;
			children = (
				2D192E8E1B112B180002EB0D /* Base */,
			);
			name = LaunchScreen.xib;
			sourceTree = "<group>";
		};
/* End PBXVariantGroup section */

/* Begin XCBuildConfiguration section */
		2D192E9C1B112B180002EB0D /* Debug */ = {
			isa = XCBuildConfiguration;
			buildSettings = {
				ALWAYS_SEARCH_USER_PATHS = NO;
				CLANG_CXX_LANGUAGE_STANDARD = "gnu++0x";
				CLANG_CXX_LIBRARY = "libc++";
				CLANG_ENABLE_MODULES = YES;
				CLANG_ENABLE_OBJC_ARC = YES;
				CLANG_WARN_BOOL_CONVERSION = YES;
				CLANG_WARN_CONSTANT_CONVERSION = YES;
				CLANG_WARN_DIRECT_OBJC_ISA_USAGE = YES_ERROR;
				CLANG_WARN_EMPTY_BODY = YES;
				CLANG_WARN_ENUM_CONVERSION = YES;
				CLANG_WARN_INT_CONVERSION = YES;
				CLANG_WARN_OBJC_ROOT_CLASS = YES_ERROR;
				CLANG_WARN_UNREACHABLE_CODE = YES;
				CLANG_WARN__DUPLICATE_METHOD_MATCH = YES;
				"CODE_SIGN_IDENTITY[sdk=iphoneos*]" = "iPhone Developer";
				COPY_PHASE_STRIP = NO;
				DEBUG_INFORMATION_FORMAT = "dwarf-with-dsym";
				ENABLE_STRICT_OBJC_MSGSEND = YES;
				ENABLE_TESTABILITY = YES;
				GCC_C_LANGUAGE_STANDARD = gnu99;
				GCC_DYNAMIC_NO_PIC = NO;
				GCC_NO_COMMON_BLOCKS = YES;
				GCC_OPTIMIZATION_LEVEL = 0;
				GCC_PREPROCESSOR_DEFINITIONS = (
					"DEBUG=1",
					"$(inherited)",
				);
				GCC_SYMBOLS_PRIVATE_EXTERN = NO;
				GCC_WARN_64_TO_32_BIT_CONVERSION = YES;
				GCC_WARN_ABOUT_RETURN_TYPE = YES_ERROR;
				GCC_WARN_UNDECLARED_SELECTOR = YES;
				GCC_WARN_UNINITIALIZED_AUTOS = YES_AGGRESSIVE;
				GCC_WARN_UNUSED_FUNCTION = YES;
				GCC_WARN_UNUSED_VARIABLE = YES;
				IPHONEOS_DEPLOYMENT_TARGET = 8.3;
				MTL_ENABLE_DEBUG_INFO = YES;
				ONLY_ACTIVE_ARCH = YES;
				SDKROOT = iphoneos;
				TARGETED_DEVICE_FAMILY = "1,2";
			};
			name = Debug;
		};
		2D192E9D1B112B180002EB0D /* Release */ = {
			isa = XCBuildConfiguration;
			buildSettings = {
				ALWAYS_SEARCH_USER_PATHS = NO;
				CLANG_CXX_LANGUAGE_STANDARD = "gnu++0x";
				CLANG_CXX_LIBRARY = "libc++";
				CLANG_ENABLE_MODULES = YES;
				CLANG_ENABLE_OBJC_ARC = YES;
				CLANG_WARN_BOOL_CONVERSION = YES;
				CLANG_WARN_CONSTANT_CONVERSION = YES;
				CLANG_WARN_DIRECT_OBJC_ISA_USAGE = YES_ERROR;
				CLANG_WARN_EMPTY_BODY = YES;
				CLANG_WARN_ENUM_CONVERSION = YES;
				CLANG_WARN_INT_CONVERSION = YES;
				CLANG_WARN_OBJC_ROOT_CLASS = YES_ERROR;
				CLANG_WARN_UNREACHABLE_CODE = YES;
				CLANG_WARN__DUPLICATE_METHOD_MATCH = YES;
				"CODE_SIGN_IDENTITY[sdk=iphoneos*]" = "iPhone Developer";
				COPY_PHASE_STRIP = NO;
				DEBUG_INFORMATION_FORMAT = "dwarf-with-dsym";
				ENABLE_NS_ASSERTIONS = NO;
				ENABLE_STRICT_OBJC_MSGSEND = YES;
				GCC_C_LANGUAGE_STANDARD = gnu99;
				GCC_NO_COMMON_BLOCKS = YES;
				GCC_WARN_64_TO_32_BIT_CONVERSION = YES;
				GCC_WARN_ABOUT_RETURN_TYPE = YES_ERROR;
				GCC_WARN_UNDECLARED_SELECTOR = YES;
				GCC_WARN_UNINITIALIZED_AUTOS = YES_AGGRESSIVE;
				GCC_WARN_UNUSED_FUNCTION = YES;
				GCC_WARN_UNUSED_VARIABLE = YES;
				IPHONEOS_DEPLOYMENT_TARGET = 8.3;
				MTL_ENABLE_DEBUG_INFO = NO;
				SDKROOT = iphoneos;
				TARGETED_DEVICE_FAMILY = "1,2";
				VALIDATE_PRODUCT = YES;
			};
			name = Release;
		};
		2D192E9F1B112B180002EB0D /* Debug */ = {
			isa = XCBuildConfiguration;
			baseConfigurationReference = 8AA9DBB8754381674E9BF027 /* Pods-Philly Bike Share.debug.xcconfig */;
			buildSettings = {
				ASSETCATALOG_COMPILER_APPICON_NAME = AppIcon;
				CODE_SIGN_IDENTITY = "iPhone Developer";
				GCC_PRECOMPILE_PREFIX_HEADER = YES;
				GCC_PREFIX_HEADER = "Philly Bike Share/Common/PhillyBikeSharePrefixHeader.pch";
				INFOPLIST_FILE = "Philly Bike Share/Info.plist";
				INSTALL_GROUP = "";
				INSTALL_OWNER = "";
				IPHONEOS_DEPLOYMENT_TARGET = 8.0;
				LD_RUNPATH_SEARCH_PATHS = "$(inherited) @executable_path/Frameworks";
				PRODUCT_BUNDLE_IDENTIFIER = com.rappiddevelopment.phillybikeshare;
				PRODUCT_NAME = "$(TARGET_NAME)";
				TARGETED_DEVICE_FAMILY = 1;
			};
			name = Debug;
		};
		2D192EA01B112B180002EB0D /* Release */ = {
			isa = XCBuildConfiguration;
			baseConfigurationReference = B25ABDC59BBA56BBABCCB414 /* Pods-Philly Bike Share.release.xcconfig */;
			buildSettings = {
				ASSETCATALOG_COMPILER_APPICON_NAME = AppIcon;
				CODE_SIGN_IDENTITY = "iPhone Developer";
				GCC_PRECOMPILE_PREFIX_HEADER = YES;
				GCC_PREFIX_HEADER = "Philly Bike Share/Common/PhillyBikeSharePrefixHeader.pch";
				INFOPLIST_FILE = "Philly Bike Share/Info.plist";
				INSTALL_GROUP = "";
				INSTALL_OWNER = "";
				IPHONEOS_DEPLOYMENT_TARGET = 8.0;
				LD_RUNPATH_SEARCH_PATHS = "$(inherited) @executable_path/Frameworks";
				PRODUCT_BUNDLE_IDENTIFIER = com.rappiddevelopment.phillybikeshare;
				PRODUCT_NAME = "$(TARGET_NAME)";
				TARGETED_DEVICE_FAMILY = 1;
			};
			name = Release;
		};
		2D192EA21B112B180002EB0D /* Debug */ = {
			isa = XCBuildConfiguration;
			buildSettings = {
				BUNDLE_LOADER = "$(TEST_HOST)";
				FRAMEWORK_SEARCH_PATHS = (
					"$(SDKROOT)/Developer/Library/Frameworks",
					"$(inherited)",
				);
				GCC_PREPROCESSOR_DEFINITIONS = (
					"DEBUG=1",
					"$(inherited)",
				);
				INFOPLIST_FILE = "Philly Bike ShareTests/Info.plist";
				LD_RUNPATH_SEARCH_PATHS = "$(inherited) @executable_path/Frameworks @loader_path/Frameworks";
				PRODUCT_BUNDLE_IDENTIFIER = "com.rappiddevelopment.$(PRODUCT_NAME:rfc1034identifier)";
				PRODUCT_NAME = "$(TARGET_NAME)";
				TEST_HOST = "$(BUILT_PRODUCTS_DIR)/Philly Bike Share.app/Philly Bike Share";
			};
			name = Debug;
		};
		2D192EA31B112B180002EB0D /* Release */ = {
			isa = XCBuildConfiguration;
			buildSettings = {
				BUNDLE_LOADER = "$(TEST_HOST)";
				FRAMEWORK_SEARCH_PATHS = (
					"$(SDKROOT)/Developer/Library/Frameworks",
					"$(inherited)",
				);
				INFOPLIST_FILE = "Philly Bike ShareTests/Info.plist";
				LD_RUNPATH_SEARCH_PATHS = "$(inherited) @executable_path/Frameworks @loader_path/Frameworks";
				PRODUCT_BUNDLE_IDENTIFIER = "com.rappiddevelopment.$(PRODUCT_NAME:rfc1034identifier)";
				PRODUCT_NAME = "$(TARGET_NAME)";
				TEST_HOST = "$(BUILT_PRODUCTS_DIR)/Philly Bike Share.app/Philly Bike Share";
			};
			name = Release;
		};
/* End XCBuildConfiguration section */

/* Begin XCConfigurationList section */
		2D192E761B112B170002EB0D /* Build configuration list for PBXProject "Philly Bike Share" */ = {
			isa = XCConfigurationList;
			buildConfigurations = (
				2D192E9C1B112B180002EB0D /* Debug */,
				2D192E9D1B112B180002EB0D /* Release */,
			);
			defaultConfigurationIsVisible = 0;
			defaultConfigurationName = Release;
		};
		2D192E9E1B112B180002EB0D /* Build configuration list for PBXNativeTarget "Philly Bike Share" */ = {
			isa = XCConfigurationList;
			buildConfigurations = (
				2D192E9F1B112B180002EB0D /* Debug */,
				2D192EA01B112B180002EB0D /* Release */,
			);
			defaultConfigurationIsVisible = 0;
			defaultConfigurationName = Release;
		};
		2D192EA11B112B180002EB0D /* Build configuration list for PBXNativeTarget "Philly Bike ShareTests" */ = {
			isa = XCConfigurationList;
			buildConfigurations = (
				2D192EA21B112B180002EB0D /* Debug */,
				2D192EA31B112B180002EB0D /* Release */,
			);
			defaultConfigurationIsVisible = 0;
			defaultConfigurationName = Release;
		};
/* End XCConfigurationList section */
	};
	rootObject = 2D192E731B112B170002EB0D /* Project object */;
}
